// !$*UTF8*$!
{
	archiveVersion = 1;
	classes = {
	};
	objectVersion = 46;
	objects = {

/* Begin PBXBuildFile section */
		65A26A391BFAD7FE0021AB58 /* AppDelegate.swift in Sources */ = {isa = PBXBuildFile; fileRef = 65A26A381BFAD7FE0021AB58 /* AppDelegate.swift */; };
		65A26A3B1BFAD7FE0021AB58 /* ViewController.swift in Sources */ = {isa = PBXBuildFile; fileRef = 65A26A3A1BFAD7FE0021AB58 /* ViewController.swift */; };
		65A26A3E1BFAD7FE0021AB58 /* Main.storyboard in Resources */ = {isa = PBXBuildFile; fileRef = 65A26A3C1BFAD7FE0021AB58 /* Main.storyboard */; };
		65A26A401BFAD7FE0021AB58 /* Assets.xcassets in Resources */ = {isa = PBXBuildFile; fileRef = 65A26A3F1BFAD7FE0021AB58 /* Assets.xcassets */; };
		65A26A431BFAD7FE0021AB58 /* LaunchScreen.storyboard in Resources */ = {isa = PBXBuildFile; fileRef = 65A26A411BFAD7FE0021AB58 /* LaunchScreen.storyboard */; };
		65A26A4B1BFAD85A0021AB58 /* MapKit.framework in Frameworks */ = {isa = PBXBuildFile; fileRef = 65A26A4A1BFAD85A0021AB58 /* MapKit.framework */; };
		65A26A4D1BFAD9DE0021AB58 /* Capital.swift in Sources */ = {isa = PBXBuildFile; fileRef = 65A26A4C1BFAD9DE0021AB58 /* Capital.swift */; };
/* End PBXBuildFile section */

/* Begin PBXFileReference section */
		65A26A351BFAD7FE0021AB58 /* Maps.app */ = {isa = PBXFileReference; explicitFileType = wrapper.application; includeInIndex = 0; path = Maps.app; sourceTree = BUILT_PRODUCTS_DIR; };
		65A26A381BFAD7FE0021AB58 /* AppDelegate.swift */ = {isa = PBXFileReference; lastKnownFileType = sourcecode.swift; path = AppDelegate.swift; sourceTree = "<group>"; };
		65A26A3A1BFAD7FE0021AB58 /* ViewController.swift */ = {isa = PBXFileReference; lastKnownFileType = sourcecode.swift; path = ViewController.swift; sourceTree = "<group>"; };
		65A26A3D1BFAD7FE0021AB58 /* Base */ = {isa = PBXFileReference; lastKnownFileType = file.storyboard; name = Base; path = Base.lproj/Main.storyboard; sourceTree = "<group>"; };
		65A26A3F1BFAD7FE0021AB58 /* Assets.xcassets */ = {isa = PBXFileReference; lastKnownFileType = folder.assetcatalog; path = Assets.xcassets; sourceTree = "<group>"; };
		65A26A421BFAD7FE0021AB58 /* Base */ = {isa = PBXFileReference; lastKnownFileType = file.storyboard; name = Base; path = Base.lproj/LaunchScreen.storyboard; sourceTree = "<group>"; };
		65A26A441BFAD7FE0021AB58 /* Info.plist */ = {isa = PBXFileReference; lastKnownFileType = text.plist.xml; path = Info.plist; sourceTree = "<group>"; };
		65A26A4A1BFAD85A0021AB58 /* MapKit.framework */ = {isa = PBXFileReference; lastKnownFileType = wrapper.framework; name = MapKit.framework; path = System/Library/Frameworks/MapKit.framework; sourceTree = SDKROOT; };
		65A26A4C1BFAD9DE0021AB58 /* Capital.swift */ = {isa = PBXFileReference; fileEncoding = 4; lastKnownFileType = sourcecode.swift; path = Capital.swift; sourceTree = "<group>"; };
/* End PBXFileReference section */

/* Begin PBXFrameworksBuildPhase section */
		65A26A321BFAD7FE0021AB58 /* Frameworks */ = {
			isa = PBXFrameworksBuildPhase;
			buildActionMask = 2147483647;
			files = (
				65A26A4B1BFAD85A0021AB58 /* MapKit.framework in Frameworks */,
			);
			runOnlyForDeploymentPostprocessing = 0;
		};
/* End PBXFrameworksBuildPhase section */

/* Begin PBXGroup section */
		65A26A2C1BFAD7FE0021AB58 = {
			isa = PBXGroup;
			children = (
				65A26A4A1BFAD85A0021AB58 /* MapKit.framework */,
				65A26A371BFAD7FE0021AB58 /* Maps */,
				65A26A361BFAD7FE0021AB58 /* Products */,
			);
			sourceTree = "<group>";
		};
		65A26A361BFAD7FE0021AB58 /* Products */ = {
			isa = PBXGroup;
			children = (
				65A26A351BFAD7FE0021AB58 /* Maps.app */,
			);
			name = Products;
			sourceTree = "<group>";
		};
		65A26A371BFAD7FE0021AB58 /* Maps */ = {
			isa = PBXGroup;
			children = (
				65A26A381BFAD7FE0021AB58 /* AppDelegate.swift */,
				65A26A3A1BFAD7FE0021AB58 /* ViewController.swift */,
				65A26A4C1BFAD9DE0021AB58 /* Capital.swift */,
				65A26A3C1BFAD7FE0021AB58 /* Main.storyboard */,
				65A26A3F1BFAD7FE0021AB58 /* Assets.xcassets */,
				65A26A411BFAD7FE0021AB58 /* LaunchScreen.storyboard */,
				65A26A441BFAD7FE0021AB58 /* Info.plist */,
			);
			path = Maps;
			sourceTree = "<group>";
		};
/* End PBXGroup section */

/* Begin PBXNativeTarget section */
		65A26A341BFAD7FE0021AB58 /* Maps */ = {
			isa = PBXNativeTarget;
			buildConfigurationList = 65A26A471BFAD7FE0021AB58 /* Build configuration list for PBXNativeTarget "Maps" */;
			buildPhases = (
				65A26A311BFAD7FE0021AB58 /* Sources */,
				65A26A321BFAD7FE0021AB58 /* Frameworks */,
				65A26A331BFAD7FE0021AB58 /* Resources */,
			);
			buildRules = (
			);
			dependencies = (
			);
			name = Maps;
			productName = Maps;
			productReference = 65A26A351BFAD7FE0021AB58 /* Maps.app */;
			productType = "com.apple.product-type.application";
		};
/* End PBXNativeTarget section */

/* Begin PBXProject section */
		65A26A2D1BFAD7FE0021AB58 /* Project object */ = {
			isa = PBXProject;
			attributes = {
				LastSwiftUpdateCheck = 0710;
				LastUpgradeCheck = 0710;
				ORGANIZATIONNAME = "Javan chen";
				TargetAttributes = {
					65A26A341BFAD7FE0021AB58 = {
						CreatedOnToolsVersion = 7.1.1;
						SystemCapabilities = {
							com.apple.Maps.iOS = {
								enabled = 1;
							};
						};
					};
				};
			};
			buildConfigurationList = 65A26A301BFAD7FE0021AB58 /* Build configuration list for PBXProject "Maps" */;
			compatibilityVersion = "Xcode 3.2";
			developmentRegion = English;
			hasScannedForEncodings = 0;
			knownRegions = (
				en,
				Base,
			);
			mainGroup = 65A26A2C1BFAD7FE0021AB58;
			productRefGroup = 65A26A361BFAD7FE0021AB58 /* Products */;
			projectDirPath = "";
			projectRoot = "";
			targets = (
				65A26A341BFAD7FE0021AB58 /* Maps */,
			);
		};
/* End PBXProject section */

/* Begin PBXResourcesBuildPhase section */
		65A26A331BFAD7FE0021AB58 /* Resources */ = {
			isa = PBXResourcesBuildPhase;
			buildActionMask = 2147483647;
			files = (
				65A26A431BFAD7FE0021AB58 /* LaunchScreen.storyboard in Resources */,
				65A26A401BFAD7FE0021AB58 /* Assets.xcassets in Resources */,
				65A26A3E1BFAD7FE0021AB58 /* Main.storyboard in Resources */,
			);
			runOnlyForDeploymentPostprocessing = 0;
		};
/* End PBXResourcesBuildPhase section */

/* Begin PBXSourcesBuildPhase section */
		65A26A311BFAD7FE0021AB58 /* Sources */ = {
			isa = PBXSourcesBuildPhase;
			buildActionMask = 2147483647;
			files = (
				65A26A3B1BFAD7FE0021AB58 /* ViewController.swift in Sources */,
				65A26A391BFAD7FE0021AB58 /* AppDelegate.swift in Sources */,
				65A26A4D1BFAD9DE0021AB58 /* Capital.swift in Sources */,
			);
			runOnlyForDeploymentPostprocessing = 0;
		};
/* End PBXSourcesBuildPhase section */

/* Begin PBXVariantGroup section */
		65A26A3C1BFAD7FE0021AB58 /* Main.storyboard */ = {
			isa = PBXVariantGroup;
			children = (
				65A26A3D1BFAD7FE0021AB58 /* Base */,
			);
			name = Main.storyboard;
			sourceTree = "<group>";
		};
		65A26A411BFAD7FE0021AB58 /* LaunchScreen.storyboard */ = {
			isa = PBXVariantGroup;
			children = (
				65A26A421BFAD7FE0021AB58 /* Base */,
			);
			name = LaunchScreen.storyboard;
			sourceTree = "<group>";
		};
/* End PBXVariantGroup section */

/* Begin XCBuildConfiguration section */
		65A26A451BFAD7FE0021AB58 /* Debug */ = {
			isa = XCBuildConfiguration;
			buildSettings = {
				ALWAYS_SEARCH_USER_PATHS = NO;
				CLANG_CXX_LANGUAGE_STANDARD = "gnu++0x";
				CLANG_CXX_LIBRARY = "libc++";
				CLANG_ENABLE_MODULES = YES;
				CLANG_ENABLE_OBJC_ARC = YES;
				CLANG_WARN_BOOL_CONVERSION = YES;
				CLANG_WARN_CONSTANT_CONVERSION = YES;
				CLANG_WARN_DIRECT_OBJC_ISA_USAGE = YES_ERROR;
				CLANG_WARN_EMPTY_BODY = YES;
				CLANG_WARN_ENUM_CONVERSION = YES;
				CLANG_WARN_INT_CONVERSION = YES;
				CLANG_WARN_OBJC_ROOT_CLASS = YES_ERROR;
				CLANG_WARN_UNREACHABLE_CODE = YES;
				CLANG_WARN__DUPLICATE_METHOD_MATCH = YES;
				"CODE_SIGN_IDENTITY[sdk=iphoneos*]" = "iPhone Developer";
				COPY_PHASE_STRIP = NO;
				DEBUG_INFORMATION_FORMAT = dwarf;
				ENABLE_STRICT_OBJC_MSGSEND = YES;
				ENABLE_TESTABILITY = YES;
				GCC_C_LANGUAGE_STANDARD = gnu99;
				GCC_DYNAMIC_NO_PIC = NO;
				GCC_NO_COMMON_BLOCKS = YES;
				GCC_OPTIMIZATION_LEVEL = 0;
				GCC_PREPROCESSOR_DEFINITIONS = (
					"DEBUG=1",
					"$(inherited)",
				);
				GCC_WARN_64_TO_32_BIT_CONVERSION = YES;
				GCC_WARN_ABOUT_RETURN_TYPE = YES_ERROR;
				GCC_WARN_UNDECLARED_SELECTOR = YES;
				GCC_WARN_UNINITIALIZED_AUTOS = YES_AGGRESSIVE;
				GCC_WARN_UNUSED_FUNCTION = YES;
				GCC_WARN_UNUSED_VARIABLE = YES;
				IPHONEOS_DEPLOYMENT_TARGET = 9.1;
				MTL_ENABLE_DEBUG_INFO = YES;
				ONLY_ACTIVE_ARCH = YES;
				SDKROOT = iphoneos;
				SWIFT_OPTIMIZATION_LEVEL = "-Onone";
			};
			name = Debug;
		};
		65A26A461BFAD7FE0021AB58 /* Release */ = {
			isa = XCBuildConfiguration;
			buildSettings = {
				ALWAYS_SEARCH_USER_PATHS = NO;
				CLANG_CXX_LANGUAGE_STANDARD = "gnu++0x";
				CLANG_CXX_LIBRARY = "libc++";
				CLANG_ENABLE_MODULES = YES;
				CLANG_ENABLE_OBJC_ARC = YES;
				CLANG_WARN_BOOL_CONVERSION = YES;
				CLANG_WARN_CONSTANT_CONVERSION = YES;
				CLANG_WARN_DIRECT_OBJC_ISA_USAGE = YES_ERROR;
				CLANG_WARN_EMPTY_BODY = YES;
				CLANG_WARN_ENUM_CONVERSION = YES;
				CLANG_WARN_INT_CONVERSION = YES;
				CLANG_WARN_OBJC_ROOT_CLASS = YES_ERROR;
				CLANG_WARN_UNREACHABLE_CODE = YES;
				CLANG_WARN__DUPLICATE_METHOD_MATCH = YES;
				"CODE_SIGN_IDENTITY[sdk=iphoneos*]" = "iPhone Developer";
				COPY_PHASE_STRIP = NO;
				DEBUG_INFORMATION_FORMAT = "dwarf-with-dsym";
				ENABLE_NS_ASSERTIONS = NO;
				ENABLE_STRICT_OBJC_MSGSEND = YES;
				GCC_C_LANGUAGE_STANDARD = gnu99;
				GCC_NO_COMMON_BLOCKS = YES;
				GCC_WARN_64_TO_32_BIT_CONVERSION = YES;
				GCC_WARN_ABOUT_RETURN_TYPE = YES_ERROR;
				GCC_WARN_UNDECLARED_SELECTOR = YES;
				GCC_WARN_UNINITIALIZED_AUTOS = YES_AGGRESSIVE;
				GCC_WARN_UNUSED_FUNCTION = YES;
				GCC_WARN_UNUSED_VARIABLE = YES;
				IPHONEOS_DEPLOYMENT_TARGET = 9.1;
				MTL_ENABLE_DEBUG_INFO = NO;
				SDKROOT = iphoneos;
				VALIDATE_PRODUCT = YES;
			};
			name = Release;
		};
		65A26A481BFAD7FE0021AB58 /* Debug */ = {
			isa = XCBuildConfiguration;
			buildSettings = {
				ASSETCATALOG_COMPILER_APPICON_NAME = AppIcon;
				INFOPLIST_FILE = Maps/Info.plist;
				LD_RUNPATH_SEARCH_PATHS = "$(inherited) @executable_path/Frameworks";
				PRODUCT_BUNDLE_IDENTIFIER = com.JavanChen.Maps;
				PRODUCT_NAME = "$(TARGET_NAME)";
			};
			name = Debug;
		};
		65A26A491BFAD7FE0021AB58 /* Release */ = {
			isa = XCBuildConfiguration;
			buildSettings = {
				ASSETCATALOG_COMPILER_APPICON_NAME = AppIcon;
				INFOPLIST_FILE = Maps/Info.plist;
				LD_RUNPATH_SEARCH_PATHS = "$(inherited) @executable_path/Frameworks";
				PRODUCT_BUNDLE_IDENTIFIER = com.JavanChen.Maps;
				PRODUCT_NAME = "$(TARGET_NAME)";
			};
			name = Release;
		};
/* End XCBuildConfiguration section */

/* Begin XCConfigurationList section */
		65A26A301BFAD7FE0021AB58 /* Build configuration list for PBXProject "Maps" */ = {
			isa = XCConfigurationList;
			buildConfigurations = (
				65A26A451BFAD7FE0021AB58 /* Debug */,
				65A26A461BFAD7FE0021AB58 /* Release */,
			);
			defaultConfigurationIsVisible = 0;
			defaultConfigurationName = Release;
		};
		65A26A471BFAD7FE0021AB58 /* Build configuration list for PBXNativeTarget "Maps" */ = {
			isa = XCConfigurationList;
			buildConfigurations = (
				65A26A481BFAD7FE0021AB58 /* Debug */,
				65A26A491BFAD7FE0021AB58 /* Release */,
			);
			defaultConfigurationIsVisible = 0;
		};
/* End XCConfigurationList section */
	};
	rootObject = 65A26A2D1BFAD7FE0021AB58 /* Project object */;
}
