// !$*UTF8*$!
{
	archiveVersion = 1;
	classes = {
	};
	objectVersion = 46;
	objects = {

/* Begin PBXBuildFile section */
		65355FD91BE35607000D377A /* Helper.swift in Sources */ = {isa = PBXBuildFile; fileRef = 65355FD81BE35607000D377A /* Helper.swift */; };
		65355FF71BE35D5E000D377A /* background.jpg in Resources */ = {isa = PBXBuildFile; fileRef = 65355FDB1BE35D5E000D377A /* background.jpg */; };
		65355FF81BE35D5E000D377A /* background@2x.jpg in Resources */ = {isa = PBXBuildFile; fileRef = 65355FDC1BE35D5E000D377A /* background@2x.jpg */; };
		65355FF91BE35D5E000D377A /* ballBlue.png in Resources */ = {isa = PBXBuildFile; fileRef = 65355FDD1BE35D5E000D377A /* ballBlue.png */; };
		65355FFA1BE35D5E000D377A /* ballBlue@2x.png in Resources */ = {isa = PBXBuildFile; fileRef = 65355FDE1BE35D5E000D377A /* ballBlue@2x.png */; };
		65355FFB1BE35D5E000D377A /* ballCyan.png in Resources */ = {isa = PBXBuildFile; fileRef = 65355FDF1BE35D5E000D377A /* ballCyan.png */; };
		65355FFC1BE35D5E000D377A /* ballCyan@2x.png in Resources */ = {isa = PBXBuildFile; fileRef = 65355FE01BE35D5E000D377A /* ballCyan@2x.png */; };
		65355FFD1BE35D5E000D377A /* ballGreen.png in Resources */ = {isa = PBXBuildFile; fileRef = 65355FE11BE35D5E000D377A /* ballGreen.png */; };
		65355FFE1BE35D5E000D377A /* ballGreen@2x.png in Resources */ = {isa = PBXBuildFile; fileRef = 65355FE21BE35D5E000D377A /* ballGreen@2x.png */; };
		65355FFF1BE35D5E000D377A /* ballGrey.png in Resources */ = {isa = PBXBuildFile; fileRef = 65355FE31BE35D5E000D377A /* ballGrey.png */; };
		653560001BE35D5E000D377A /* ballGrey@2x.png in Resources */ = {isa = PBXBuildFile; fileRef = 65355FE41BE35D5E000D377A /* ballGrey@2x.png */; };
		653560011BE35D5E000D377A /* ballPurple.png in Resources */ = {isa = PBXBuildFile; fileRef = 65355FE51BE35D5E000D377A /* ballPurple.png */; };
		653560021BE35D5E000D377A /* ballPurple@2x.png in Resources */ = {isa = PBXBuildFile; fileRef = 65355FE61BE35D5E000D377A /* ballPurple@2x.png */; };
		653560031BE35D5E000D377A /* ballRed.png in Resources */ = {isa = PBXBuildFile; fileRef = 65355FE71BE35D5E000D377A /* ballRed.png */; };
		653560041BE35D5E000D377A /* ballRed@2x.png in Resources */ = {isa = PBXBuildFile; fileRef = 65355FE81BE35D5E000D377A /* ballRed@2x.png */; };
		653560051BE35D5E000D377A /* ballYellow.png in Resources */ = {isa = PBXBuildFile; fileRef = 65355FE91BE35D5E000D377A /* ballYellow.png */; };
		653560061BE35D5E000D377A /* ballYellow@2x.png in Resources */ = {isa = PBXBuildFile; fileRef = 65355FEA1BE35D5E000D377A /* ballYellow@2x.png */; };
		653560071BE35D5E000D377A /* bouncer.png in Resources */ = {isa = PBXBuildFile; fileRef = 65355FEB1BE35D5E000D377A /* bouncer.png */; };
		653560081BE35D5E000D377A /* bouncer@2x.png in Resources */ = {isa = PBXBuildFile; fileRef = 65355FEC1BE35D5E000D377A /* bouncer@2x.png */; };
		653560091BE35D5E000D377A /* FireParticles.sks in Resources */ = {isa = PBXBuildFile; fileRef = 65355FED1BE35D5E000D377A /* FireParticles.sks */; };
		6535600A1BE35D5E000D377A /* slotBaseBad.png in Resources */ = {isa = PBXBuildFile; fileRef = 65355FEE1BE35D5E000D377A /* slotBaseBad.png */; };
		6535600B1BE35D5E000D377A /* slotBaseBad@2x.png in Resources */ = {isa = PBXBuildFile; fileRef = 65355FEF1BE35D5E000D377A /* slotBaseBad@2x.png */; };
		6535600C1BE35D5E000D377A /* slotBaseGood.png in Resources */ = {isa = PBXBuildFile; fileRef = 65355FF01BE35D5E000D377A /* slotBaseGood.png */; };
		6535600D1BE35D5E000D377A /* slotBaseGood@2x.png in Resources */ = {isa = PBXBuildFile; fileRef = 65355FF11BE35D5E000D377A /* slotBaseGood@2x.png */; };
		6535600E1BE35D5E000D377A /* slotGlowBad.png in Resources */ = {isa = PBXBuildFile; fileRef = 65355FF21BE35D5E000D377A /* slotGlowBad.png */; };
		6535600F1BE35D5E000D377A /* slotGlowBad@2x.png in Resources */ = {isa = PBXBuildFile; fileRef = 65355FF31BE35D5E000D377A /* slotGlowBad@2x.png */; };
		653560101BE35D5E000D377A /* slotGlowGood.png in Resources */ = {isa = PBXBuildFile; fileRef = 65355FF41BE35D5E000D377A /* slotGlowGood.png */; };
		653560111BE35D5E000D377A /* slotGlowGood@2x.png in Resources */ = {isa = PBXBuildFile; fileRef = 65355FF51BE35D5E000D377A /* slotGlowGood@2x.png */; };
		653560121BE35D5E000D377A /* spark.png in Resources */ = {isa = PBXBuildFile; fileRef = 65355FF61BE35D5E000D377A /* spark.png */; };
		65C910041BE099A400D62F85 /* AppDelegate.swift in Sources */ = {isa = PBXBuildFile; fileRef = 65C910031BE099A400D62F85 /* AppDelegate.swift */; };
		65C910061BE099A400D62F85 /* GameScene.sks in Resources */ = {isa = PBXBuildFile; fileRef = 65C910051BE099A400D62F85 /* GameScene.sks */; };
		65C910081BE099A400D62F85 /* GameScene.swift in Sources */ = {isa = PBXBuildFile; fileRef = 65C910071BE099A400D62F85 /* GameScene.swift */; };
		65C9100A1BE099A400D62F85 /* GameViewController.swift in Sources */ = {isa = PBXBuildFile; fileRef = 65C910091BE099A400D62F85 /* GameViewController.swift */; };
		65C9100D1BE099A400D62F85 /* Main.storyboard in Resources */ = {isa = PBXBuildFile; fileRef = 65C9100B1BE099A400D62F85 /* Main.storyboard */; };
		65C9100F1BE099A400D62F85 /* Assets.xcassets in Resources */ = {isa = PBXBuildFile; fileRef = 65C9100E1BE099A400D62F85 /* Assets.xcassets */; };
		65C910121BE099A400D62F85 /* LaunchScreen.storyboard in Resources */ = {isa = PBXBuildFile; fileRef = 65C910101BE099A400D62F85 /* LaunchScreen.storyboard */; };
/* End PBXBuildFile section */

/* Begin PBXFileReference section */
		65355FD81BE35607000D377A /* Helper.swift */ = {isa = PBXFileReference; fileEncoding = 4; lastKnownFileType = sourcecode.swift; path = Helper.swift; sourceTree = "<group>"; };
		65355FDB1BE35D5E000D377A /* background.jpg */ = {isa = PBXFileReference; lastKnownFileType = image.jpeg; path = background.jpg; sourceTree = "<group>"; };
		65355FDC1BE35D5E000D377A /* background@2x.jpg */ = {isa = PBXFileReference; lastKnownFileType = image.jpeg; path = "background@2x.jpg"; sourceTree = "<group>"; };
		65355FDD1BE35D5E000D377A /* ballBlue.png */ = {isa = PBXFileReference; lastKnownFileType = image.png; path = ballBlue.png; sourceTree = "<group>"; };
		65355FDE1BE35D5E000D377A /* ballBlue@2x.png */ = {isa = PBXFileReference; lastKnownFileType = image.png; path = "ballBlue@2x.png"; sourceTree = "<group>"; };
		65355FDF1BE35D5E000D377A /* ballCyan.png */ = {isa = PBXFileReference; lastKnownFileType = image.png; path = ballCyan.png; sourceTree = "<group>"; };
		65355FE01BE35D5E000D377A /* ballCyan@2x.png */ = {isa = PBXFileReference; lastKnownFileType = image.png; path = "ballCyan@2x.png"; sourceTree = "<group>"; };
		65355FE11BE35D5E000D377A /* ballGreen.png */ = {isa = PBXFileReference; lastKnownFileType = image.png; path = ballGreen.png; sourceTree = "<group>"; };
		65355FE21BE35D5E000D377A /* ballGreen@2x.png */ = {isa = PBXFileReference; lastKnownFileType = image.png; path = "ballGreen@2x.png"; sourceTree = "<group>"; };
		65355FE31BE35D5E000D377A /* ballGrey.png */ = {isa = PBXFileReference; lastKnownFileType = image.png; path = ballGrey.png; sourceTree = "<group>"; };
		65355FE41BE35D5E000D377A /* ballGrey@2x.png */ = {isa = PBXFileReference; lastKnownFileType = image.png; path = "ballGrey@2x.png"; sourceTree = "<group>"; };
		65355FE51BE35D5E000D377A /* ballPurple.png */ = {isa = PBXFileReference; lastKnownFileType = image.png; path = ballPurple.png; sourceTree = "<group>"; };
		65355FE61BE35D5E000D377A /* ballPurple@2x.png */ = {isa = PBXFileReference; lastKnownFileType = image.png; path = "ballPurple@2x.png"; sourceTree = "<group>"; };
		65355FE71BE35D5E000D377A /* ballRed.png */ = {isa = PBXFileReference; lastKnownFileType = image.png; path = ballRed.png; sourceTree = "<group>"; };
		65355FE81BE35D5E000D377A /* ballRed@2x.png */ = {isa = PBXFileReference; lastKnownFileType = image.png; path = "ballRed@2x.png"; sourceTree = "<group>"; };
		65355FE91BE35D5E000D377A /* ballYellow.png */ = {isa = PBXFileReference; lastKnownFileType = image.png; path = ballYellow.png; sourceTree = "<group>"; };
		65355FEA1BE35D5E000D377A /* ballYellow@2x.png */ = {isa = PBXFileReference; lastKnownFileType = image.png; path = "ballYellow@2x.png"; sourceTree = "<group>"; };
		65355FEB1BE35D5E000D377A /* bouncer.png */ = {isa = PBXFileReference; lastKnownFileType = image.png; path = bouncer.png; sourceTree = "<group>"; };
		65355FEC1BE35D5E000D377A /* bouncer@2x.png */ = {isa = PBXFileReference; lastKnownFileType = image.png; path = "bouncer@2x.png"; sourceTree = "<group>"; };
		65355FED1BE35D5E000D377A /* FireParticles.sks */ = {isa = PBXFileReference; lastKnownFileType = file.sks; path = FireParticles.sks; sourceTree = "<group>"; };
		65355FEE1BE35D5E000D377A /* slotBaseBad.png */ = {isa = PBXFileReference; lastKnownFileType = image.png; path = slotBaseBad.png; sourceTree = "<group>"; };
		65355FEF1BE35D5E000D377A /* slotBaseBad@2x.png */ = {isa = PBXFileReference; lastKnownFileType = image.png; path = "slotBaseBad@2x.png"; sourceTree = "<group>"; };
		65355FF01BE35D5E000D377A /* slotBaseGood.png */ = {isa = PBXFileReference; lastKnownFileType = image.png; path = slotBaseGood.png; sourceTree = "<group>"; };
		65355FF11BE35D5E000D377A /* slotBaseGood@2x.png */ = {isa = PBXFileReference; lastKnownFileType = image.png; path = "slotBaseGood@2x.png"; sourceTree = "<group>"; };
		65355FF21BE35D5E000D377A /* slotGlowBad.png */ = {isa = PBXFileReference; lastKnownFileType = image.png; path = slotGlowBad.png; sourceTree = "<group>"; };
		65355FF31BE35D5E000D377A /* slotGlowBad@2x.png */ = {isa = PBXFileReference; lastKnownFileType = image.png; path = "slotGlowBad@2x.png"; sourceTree = "<group>"; };
		65355FF41BE35D5E000D377A /* slotGlowGood.png */ = {isa = PBXFileReference; lastKnownFileType = image.png; path = slotGlowGood.png; sourceTree = "<group>"; };
		65355FF51BE35D5E000D377A /* slotGlowGood@2x.png */ = {isa = PBXFileReference; lastKnownFileType = image.png; path = "slotGlowGood@2x.png"; sourceTree = "<group>"; };
		65355FF61BE35D5E000D377A /* spark.png */ = {isa = PBXFileReference; lastKnownFileType = image.png; path = spark.png; sourceTree = "<group>"; };
		65C910001BE099A400D62F85 /* Pachinko.app */ = {isa = PBXFileReference; explicitFileType = wrapper.application; includeInIndex = 0; path = Pachinko.app; sourceTree = BUILT_PRODUCTS_DIR; };
		65C910031BE099A400D62F85 /* AppDelegate.swift */ = {isa = PBXFileReference; lastKnownFileType = sourcecode.swift; path = AppDelegate.swift; sourceTree = "<group>"; };
		65C910051BE099A400D62F85 /* GameScene.sks */ = {isa = PBXFileReference; lastKnownFileType = file.sks; path = GameScene.sks; sourceTree = "<group>"; };
		65C910071BE099A400D62F85 /* GameScene.swift */ = {isa = PBXFileReference; lastKnownFileType = sourcecode.swift; path = GameScene.swift; sourceTree = "<group>"; };
		65C910091BE099A400D62F85 /* GameViewController.swift */ = {isa = PBXFileReference; lastKnownFileType = sourcecode.swift; path = GameViewController.swift; sourceTree = "<group>"; };
		65C9100C1BE099A400D62F85 /* Base */ = {isa = PBXFileReference; lastKnownFileType = file.storyboard; name = Base; path = Base.lproj/Main.storyboard; sourceTree = "<group>"; };
		65C9100E1BE099A400D62F85 /* Assets.xcassets */ = {isa = PBXFileReference; lastKnownFileType = folder.assetcatalog; path = Assets.xcassets; sourceTree = "<group>"; };
		65C910111BE099A400D62F85 /* Base */ = {isa = PBXFileReference; lastKnownFileType = file.storyboard; name = Base; path = Base.lproj/LaunchScreen.storyboard; sourceTree = "<group>"; };
		65C910131BE099A400D62F85 /* Info.plist */ = {isa = PBXFileReference; lastKnownFileType = text.plist.xml; path = Info.plist; sourceTree = "<group>"; };
/* End PBXFileReference section */

/* Begin PBXFrameworksBuildPhase section */
		65C90FFD1BE099A400D62F85 /* Frameworks */ = {
			isa = PBXFrameworksBuildPhase;
			buildActionMask = 2147483647;
			files = (
			);
			runOnlyForDeploymentPostprocessing = 0;
		};
/* End PBXFrameworksBuildPhase section */

/* Begin PBXGroup section */
		65355FDA1BE35D5E000D377A /* Content */ = {
			isa = PBXGroup;
			children = (
				65355FDB1BE35D5E000D377A /* background.jpg */,
				65355FDC1BE35D5E000D377A /* background@2x.jpg */,
				65355FDD1BE35D5E000D377A /* ballBlue.png */,
				65355FDE1BE35D5E000D377A /* ballBlue@2x.png */,
				65355FDF1BE35D5E000D377A /* ballCyan.png */,
				65355FE01BE35D5E000D377A /* ballCyan@2x.png */,
				65355FE11BE35D5E000D377A /* ballGreen.png */,
				65355FE21BE35D5E000D377A /* ballGreen@2x.png */,
				65355FE31BE35D5E000D377A /* ballGrey.png */,
				65355FE41BE35D5E000D377A /* ballGrey@2x.png */,
				65355FE51BE35D5E000D377A /* ballPurple.png */,
				65355FE61BE35D5E000D377A /* ballPurple@2x.png */,
				65355FE71BE35D5E000D377A /* ballRed.png */,
				65355FE81BE35D5E000D377A /* ballRed@2x.png */,
				65355FE91BE35D5E000D377A /* ballYellow.png */,
				65355FEA1BE35D5E000D377A /* ballYellow@2x.png */,
				65355FEB1BE35D5E000D377A /* bouncer.png */,
				65355FEC1BE35D5E000D377A /* bouncer@2x.png */,
				65355FED1BE35D5E000D377A /* FireParticles.sks */,
				65355FEE1BE35D5E000D377A /* slotBaseBad.png */,
				65355FEF1BE35D5E000D377A /* slotBaseBad@2x.png */,
				65355FF01BE35D5E000D377A /* slotBaseGood.png */,
				65355FF11BE35D5E000D377A /* slotBaseGood@2x.png */,
				65355FF21BE35D5E000D377A /* slotGlowBad.png */,
				65355FF31BE35D5E000D377A /* slotGlowBad@2x.png */,
				65355FF41BE35D5E000D377A /* slotGlowGood.png */,
				65355FF51BE35D5E000D377A /* slotGlowGood@2x.png */,
				65355FF61BE35D5E000D377A /* spark.png */,
			);
			path = Content;
			sourceTree = "<group>";
		};
		65C90FF71BE099A400D62F85 = {
			isa = PBXGroup;
			children = (
				65C910021BE099A400D62F85 /* Pachinko */,
				65C910011BE099A400D62F85 /* Products */,
			);
			sourceTree = "<group>";
		};
		65C910011BE099A400D62F85 /* Products */ = {
			isa = PBXGroup;
			children = (
				65C910001BE099A400D62F85 /* Pachinko.app */,
			);
			name = Products;
			sourceTree = "<group>";
		};
		65C910021BE099A400D62F85 /* Pachinko */ = {
			isa = PBXGroup;
			children = (
				65355FDA1BE35D5E000D377A /* Content */,
				65355FD81BE35607000D377A /* Helper.swift */,
				65C910031BE099A400D62F85 /* AppDelegate.swift */,
				65C910051BE099A400D62F85 /* GameScene.sks */,
				65C910071BE099A400D62F85 /* GameScene.swift */,
				65C910091BE099A400D62F85 /* GameViewController.swift */,
				65C9100B1BE099A400D62F85 /* Main.storyboard */,
				65C9100E1BE099A400D62F85 /* Assets.xcassets */,
				65C910101BE099A400D62F85 /* LaunchScreen.storyboard */,
				65C910131BE099A400D62F85 /* Info.plist */,
			);
			path = Pachinko;
			sourceTree = "<group>";
		};
/* End PBXGroup section */

/* Begin PBXNativeTarget section */
		65C90FFF1BE099A400D62F85 /* Pachinko */ = {
			isa = PBXNativeTarget;
			buildConfigurationList = 65C910161BE099A400D62F85 /* Build configuration list for PBXNativeTarget "Pachinko" */;
			buildPhases = (
				65C90FFC1BE099A400D62F85 /* Sources */,
				65C90FFD1BE099A400D62F85 /* Frameworks */,
				65C90FFE1BE099A400D62F85 /* Resources */,
			);
			buildRules = (
			);
			dependencies = (
			);
			name = Pachinko;
			productName = Pachinko;
			productReference = 65C910001BE099A400D62F85 /* Pachinko.app */;
			productType = "com.apple.product-type.application";
		};
/* End PBXNativeTarget section */

/* Begin PBXProject section */
		65C90FF81BE099A400D62F85 /* Project object */ = {
			isa = PBXProject;
			attributes = {
				LastSwiftUpdateCheck = 0710;
				LastUpgradeCheck = 0710;
				ORGANIZATIONNAME = "Javan chen";
				TargetAttributes = {
					65C90FFF1BE099A400D62F85 = {
						CreatedOnToolsVersion = 7.1;
					};
				};
			};
			buildConfigurationList = 65C90FFB1BE099A400D62F85 /* Build configuration list for PBXProject "Pachinko" */;
			compatibilityVersion = "Xcode 3.2";
			developmentRegion = English;
			hasScannedForEncodings = 0;
			knownRegions = (
				en,
				Base,
			);
			mainGroup = 65C90FF71BE099A400D62F85;
			productRefGroup = 65C910011BE099A400D62F85 /* Products */;
			projectDirPath = "";
			projectRoot = "";
			targets = (
				65C90FFF1BE099A400D62F85 /* Pachinko */,
			);
		};
/* End PBXProject section */

/* Begin PBXResourcesBuildPhase section */
		65C90FFE1BE099A400D62F85 /* Resources */ = {
			isa = PBXResourcesBuildPhase;
			buildActionMask = 2147483647;
			files = (
				653560001BE35D5E000D377A /* ballGrey@2x.png in Resources */,
				653560021BE35D5E000D377A /* ballPurple@2x.png in Resources */,
				6535600F1BE35D5E000D377A /* slotGlowBad@2x.png in Resources */,
				65355FFB1BE35D5E000D377A /* ballCyan.png in Resources */,
				6535600C1BE35D5E000D377A /* slotBaseGood.png in Resources */,
				65C910061BE099A400D62F85 /* GameScene.sks in Resources */,
				65355FF91BE35D5E000D377A /* ballBlue.png in Resources */,
				653560101BE35D5E000D377A /* slotGlowGood.png in Resources */,
				6535600B1BE35D5E000D377A /* slotBaseBad@2x.png in Resources */,
				653560061BE35D5E000D377A /* ballYellow@2x.png in Resources */,
				6535600A1BE35D5E000D377A /* slotBaseBad.png in Resources */,
				65355FF71BE35D5E000D377A /* background.jpg in Resources */,
				6535600D1BE35D5E000D377A /* slotBaseGood@2x.png in Resources */,
				653560081BE35D5E000D377A /* bouncer@2x.png in Resources */,
				653560031BE35D5E000D377A /* ballRed.png in Resources */,
				653560091BE35D5E000D377A /* FireParticles.sks in Resources */,
				653560041BE35D5E000D377A /* ballRed@2x.png in Resources */,
				65C910121BE099A400D62F85 /* LaunchScreen.storyboard in Resources */,
				6535600E1BE35D5E000D377A /* slotGlowBad.png in Resources */,
				65C9100F1BE099A400D62F85 /* Assets.xcassets in Resources */,
				653560051BE35D5E000D377A /* ballYellow.png in Resources */,
				653560071BE35D5E000D377A /* bouncer.png in Resources */,
				65355FFD1BE35D5E000D377A /* ballGreen.png in Resources */,
				65355FF81BE35D5E000D377A /* background@2x.jpg in Resources */,
				65C9100D1BE099A400D62F85 /* Main.storyboard in Resources */,
				65355FFF1BE35D5E000D377A /* ballGrey.png in Resources */,
				65355FFE1BE35D5E000D377A /* ballGreen@2x.png in Resources */,
				65355FFC1BE35D5E000D377A /* ballCyan@2x.png in Resources */,
				653560111BE35D5E000D377A /* slotGlowGood@2x.png in Resources */,
				653560121BE35D5E000D377A /* spark.png in Resources */,
				653560011BE35D5E000D377A /* ballPurple.png in Resources */,
				65355FFA1BE35D5E000D377A /* ballBlue@2x.png in Resources */,
			);
			runOnlyForDeploymentPostprocessing = 0;
		};
/* End PBXResourcesBuildPhase section */

/* Begin PBXSourcesBuildPhase section */
		65C90FFC1BE099A400D62F85 /* Sources */ = {
			isa = PBXSourcesBuildPhase;
			buildActionMask = 2147483647;
			files = (
				65C910081BE099A400D62F85 /* GameScene.swift in Sources */,
				65C9100A1BE099A400D62F85 /* GameViewController.swift in Sources */,
				65C910041BE099A400D62F85 /* AppDelegate.swift in Sources */,
				65355FD91BE35607000D377A /* Helper.swift in Sources */,
			);
			runOnlyForDeploymentPostprocessing = 0;
		};
/* End PBXSourcesBuildPhase section */

/* Begin PBXVariantGroup section */
		65C9100B1BE099A400D62F85 /* Main.storyboard */ = {
			isa = PBXVariantGroup;
			children = (
				65C9100C1BE099A400D62F85 /* Base */,
			);
			name = Main.storyboard;
			sourceTree = "<group>";
		};
		65C910101BE099A400D62F85 /* LaunchScreen.storyboard */ = {
			isa = PBXVariantGroup;
			children = (
				65C910111BE099A400D62F85 /* Base */,
			);
			name = LaunchScreen.storyboard;
			sourceTree = "<group>";
		};
/* End PBXVariantGroup section */

/* Begin XCBuildConfiguration section */
		65C910141BE099A400D62F85 /* Debug */ = {
			isa = XCBuildConfiguration;
			buildSettings = {
				ALWAYS_SEARCH_USER_PATHS = NO;
				CLANG_CXX_LANGUAGE_STANDARD = "gnu++0x";
				CLANG_CXX_LIBRARY = "libc++";
				CLANG_ENABLE_MODULES = YES;
				CLANG_ENABLE_OBJC_ARC = YES;
				CLANG_WARN_BOOL_CONVERSION = YES;
				CLANG_WARN_CONSTANT_CONVERSION = YES;
				CLANG_WARN_DIRECT_OBJC_ISA_USAGE = YES_ERROR;
				CLANG_WARN_EMPTY_BODY = YES;
				CLANG_WARN_ENUM_CONVERSION = YES;
				CLANG_WARN_INT_CONVERSION = YES;
				CLANG_WARN_OBJC_ROOT_CLASS = YES_ERROR;
				CLANG_WARN_UNREACHABLE_CODE = YES;
				CLANG_WARN__DUPLICATE_METHOD_MATCH = YES;
				"CODE_SIGN_IDENTITY[sdk=iphoneos*]" = "iPhone Developer";
				COPY_PHASE_STRIP = NO;
				DEBUG_INFORMATION_FORMAT = "dwarf-with-dsym";
				ENABLE_STRICT_OBJC_MSGSEND = YES;
				ENABLE_TESTABILITY = YES;
				GCC_C_LANGUAGE_STANDARD = gnu99;
				GCC_DYNAMIC_NO_PIC = NO;
				GCC_NO_COMMON_BLOCKS = YES;
				GCC_OPTIMIZATION_LEVEL = 0;
				GCC_PREPROCESSOR_DEFINITIONS = (
					"DEBUG=1",
					"$(inherited)",
				);
				GCC_WARN_64_TO_32_BIT_CONVERSION = YES;
				GCC_WARN_ABOUT_RETURN_TYPE = YES_ERROR;
				GCC_WARN_UNDECLARED_SELECTOR = YES;
				GCC_WARN_UNINITIALIZED_AUTOS = YES_AGGRESSIVE;
				GCC_WARN_UNUSED_FUNCTION = YES;
				GCC_WARN_UNUSED_VARIABLE = YES;
				IPHONEOS_DEPLOYMENT_TARGET = 9.1;
				MTL_ENABLE_DEBUG_INFO = YES;
				ONLY_ACTIVE_ARCH = YES;
				SDKROOT = iphoneos;
				SWIFT_OPTIMIZATION_LEVEL = "-Onone";
				TARGETED_DEVICE_FAMILY = 2;
			};
			name = Debug;
		};
		65C910151BE099A400D62F85 /* Release */ = {
			isa = XCBuildConfiguration;
			buildSettings = {
				ALWAYS_SEARCH_USER_PATHS = NO;
				CLANG_CXX_LANGUAGE_STANDARD = "gnu++0x";
				CLANG_CXX_LIBRARY = "libc++";
				CLANG_ENABLE_MODULES = YES;
				CLANG_ENABLE_OBJC_ARC = YES;
				CLANG_WARN_BOOL_CONVERSION = YES;
				CLANG_WARN_CONSTANT_CONVERSION = YES;
				CLANG_WARN_DIRECT_OBJC_ISA_USAGE = YES_ERROR;
				CLANG_WARN_EMPTY_BODY = YES;
				CLANG_WARN_ENUM_CONVERSION = YES;
				CLANG_WARN_INT_CONVERSION = YES;
				CLANG_WARN_OBJC_ROOT_CLASS = YES_ERROR;
				CLANG_WARN_UNREACHABLE_CODE = YES;
				CLANG_WARN__DUPLICATE_METHOD_MATCH = YES;
				"CODE_SIGN_IDENTITY[sdk=iphoneos*]" = "iPhone Developer";
				COPY_PHASE_STRIP = NO;
				DEBUG_INFORMATION_FORMAT = "dwarf-with-dsym";
				ENABLE_NS_ASSERTIONS = NO;
				ENABLE_STRICT_OBJC_MSGSEND = YES;
				GCC_C_LANGUAGE_STANDARD = gnu99;
				GCC_NO_COMMON_BLOCKS = YES;
				GCC_WARN_64_TO_32_BIT_CONVERSION = YES;
				GCC_WARN_ABOUT_RETURN_TYPE = YES_ERROR;
				GCC_WARN_UNDECLARED_SELECTOR = YES;
				GCC_WARN_UNINITIALIZED_AUTOS = YES_AGGRESSIVE;
				GCC_WARN_UNUSED_FUNCTION = YES;
				GCC_WARN_UNUSED_VARIABLE = YES;
				IPHONEOS_DEPLOYMENT_TARGET = 9.1;
				MTL_ENABLE_DEBUG_INFO = NO;
				SDKROOT = iphoneos;
				TARGETED_DEVICE_FAMILY = 2;
				VALIDATE_PRODUCT = YES;
			};
			name = Release;
		};
		65C910171BE099A400D62F85 /* Debug */ = {
			isa = XCBuildConfiguration;
			buildSettings = {
				ASSETCATALOG_COMPILER_APPICON_NAME = AppIcon;
				INFOPLIST_FILE = Pachinko/Info.plist;
				LD_RUNPATH_SEARCH_PATHS = "$(inherited) @executable_path/Frameworks";
				PRODUCT_BUNDLE_IDENTIFIER = com.JavanChen.Pachinko;
				PRODUCT_NAME = "$(TARGET_NAME)";
			};
			name = Debug;
		};
		65C910181BE099A400D62F85 /* Release */ = {
			isa = XCBuildConfiguration;
			buildSettings = {
				ASSETCATALOG_COMPILER_APPICON_NAME = AppIcon;
				INFOPLIST_FILE = Pachinko/Info.plist;
				LD_RUNPATH_SEARCH_PATHS = "$(inherited) @executable_path/Frameworks";
				PRODUCT_BUNDLE_IDENTIFIER = com.JavanChen.Pachinko;
				PRODUCT_NAME = "$(TARGET_NAME)";
			};
			name = Release;
		};
/* End XCBuildConfiguration section */

/* Begin XCConfigurationList section */
		65C90FFB1BE099A400D62F85 /* Build configuration list for PBXProject "Pachinko" */ = {
			isa = XCConfigurationList;
			buildConfigurations = (
				65C910141BE099A400D62F85 /* Debug */,
				65C910151BE099A400D62F85 /* Release */,
			);
			defaultConfigurationIsVisible = 0;
			defaultConfigurationName = Release;
		};
		65C910161BE099A400D62F85 /* Build configuration list for PBXNativeTarget "Pachinko" */ = {
			isa = XCConfigurationList;
			buildConfigurations = (
				65C910171BE099A400D62F85 /* Debug */,
				65C910181BE099A400D62F85 /* Release */,
			);
			defaultConfigurationIsVisible = 0;
			defaultConfigurationName = Release;
		};
/* End XCConfigurationList section */
	};
	rootObject = 65C90FF81BE099A400D62F85 /* Project object */;
}
